
Microsoft Visual Studio Solution File, Format Version 12.00
# Visual Studio Version 16
VisualStudioVersion = 16.0.31005.135
MinimumVisualStudioVersion = 10.0.40219.1
Project("{FAE04EC0-301F-11D3-BF4B-00C04F79EFBC}") = "RStein.HDO", "RStein.HDO\RStein.HDO.csproj", "{79DE21EA-1DAF-4FD3-96A8-3F3FDD7AB3A8}"
EndProject
Global
	GlobalSection(SolutionConfigurationPlatforms) = preSolution
		Debug|Any CPU = Debug|Any CPU
		Release|Any CPU = Release|Any CPU
	EndGlobalSection
	GlobalSection(ProjectConfigurationPlatforms) = postSolution
		{79DE21EA-1DAF-4FD3-96A8-3F3FDD7AB3A8}.Debug|Any CPU.ActiveCfg = Debug|Any CPU
		{79DE21EA-1DAF-4FD3-96A8-3F3FDD7AB3A8}.Debug|Any CPU.Build.0 = Debug|Any CPU
		{79DE21EA-1DAF-4FD3-96A8-3F3FDD7AB3A8}.Release|Any CPU.ActiveCfg = Release|Any CPU
		{79DE21EA-1DAF-4FD3-96A8-3F3FDD7AB3A8}.Release|Any CPU.Build.0 = Release|Any CPU
	EndGlobalSection
	GlobalSection(SolutionProperties) = preSolution
		HideSolutionNode = FALSE
	EndGlobalSection
	GlobalSection(ExtensibilityGlobals) = postSolution
		SolutionGuid = {B15BBADD-62A6-40D3-8599-1D38143148A4}
	EndGlobalSection
EndGlobal
