
Microsoft Visual Studio Solution File, Format Version 12.00
# Visual Studio Version 16
VisualStudioVersion = 16.0.31005.135
MinimumVisualStudioVersion = 10.0.40219.1
Project("{9A19103F-16F7-4668-BE54-9A1E7A4F7556}") = "RStein.HDO", "RStein.HDO\RStein.HDO.csproj", "{79DE21EA-1DAF-4FD3-96A8-3F3FDD7AB3A8}"
EndProject
Project("{FAE04EC0-301F-11D3-BF4B-00C04F79EFBC}") = "RStein.HDO.Test", "RStein.HDO.Test\RStein.HDO.Test.csproj", "{BED16462-7580-4EB2-A4F4-619D1E02C0F9}"
EndProject
Project("{FAE04EC0-301F-11D3-BF4B-00C04F79EFBC}") = "RStein.HDO.Cui", "RStein.HDO.Cui\RStein.HDO.Cui.csproj", "{FD31C8AB-2A66-45E6-8468-6B570CACC931}"
EndProject
Global
	GlobalSection(SolutionConfigurationPlatforms) = preSolution
		Debug|Any CPU = Debug|Any CPU
		Release|Any CPU = Release|Any CPU
	EndGlobalSection
	GlobalSection(ProjectConfigurationPlatforms) = postSolution
		{79DE21EA-1DAF-4FD3-96A8-3F3FDD7AB3A8}.Debug|Any CPU.ActiveCfg = Debug|Any CPU
		{79DE21EA-1DAF-4FD3-96A8-3F3FDD7AB3A8}.Debug|Any CPU.Build.0 = Debug|Any CPU
		{79DE21EA-1DAF-4FD3-96A8-3F3FDD7AB3A8}.Release|Any CPU.ActiveCfg = Release|Any CPU
		{79DE21EA-1DAF-4FD3-96A8-3F3FDD7AB3A8}.Release|Any CPU.Build.0 = Release|Any CPU
		{BED16462-7580-4EB2-A4F4-619D1E02C0F9}.Debug|Any CPU.ActiveCfg = Debug|Any CPU
		{BED16462-7580-4EB2-A4F4-619D1E02C0F9}.Debug|Any CPU.Build.0 = Debug|Any CPU
		{BED16462-7580-4EB2-A4F4-619D1E02C0F9}.Release|Any CPU.ActiveCfg = Release|Any CPU
		{BED16462-7580-4EB2-A4F4-619D1E02C0F9}.Release|Any CPU.Build.0 = Release|Any CPU
		{FD31C8AB-2A66-45E6-8468-6B570CACC931}.Debug|Any CPU.ActiveCfg = Debug|Any CPU
		{FD31C8AB-2A66-45E6-8468-6B570CACC931}.Debug|Any CPU.Build.0 = Debug|Any CPU
		{FD31C8AB-2A66-45E6-8468-6B570CACC931}.Release|Any CPU.ActiveCfg = Release|Any CPU
		{FD31C8AB-2A66-45E6-8468-6B570CACC931}.Release|Any CPU.Build.0 = Release|Any CPU
	EndGlobalSection
	GlobalSection(SolutionProperties) = preSolution
		HideSolutionNode = FALSE
	EndGlobalSection
	GlobalSection(ExtensibilityGlobals) = postSolution
		SolutionGuid = {B15BBADD-62A6-40D3-8599-1D38143148A4}
	EndGlobalSection
EndGlobal
